// !$*UTF8*$!
{
	archiveVersion = 1;
	classes = {
	};
	objectVersion = 50;
	objects = {

/* Begin PBXBuildFile section */
		C371F1F824B32DCB00EF8180 /* ViewController.xib in Resources */ = {isa = PBXBuildFile; fileRef = C371F1F724B32DCB00EF8180 /* ViewController.xib */; };
		C383AF9424B2FFBE0002FA38 /* AppDelegate.swift in Sources */ = {isa = PBXBuildFile; fileRef = C383AF9324B2FFBE0002FA38 /* AppDelegate.swift */; };
		C383AF9824B2FFBE0002FA38 /* ViewController.swift in Sources */ = {isa = PBXBuildFile; fileRef = C383AF9724B2FFBE0002FA38 /* ViewController.swift */; };
		C383AFA024B2FFC30002FA38 /* LaunchScreen.storyboard in Resources */ = {isa = PBXBuildFile; fileRef = C383AF9E24B2FFC30002FA38 /* LaunchScreen.storyboard */; };
		C3C9BA3F24B34F26006CBF49 /* CameraError.swift in Sources */ = {isa = PBXBuildFile; fileRef = C3C9BA3E24B34F26006CBF49 /* CameraError.swift */; };
		C3C9BA4124B357AB006CBF49 /* AlertControllerError.swift in Sources */ = {isa = PBXBuildFile; fileRef = C3C9BA4024B357AB006CBF49 /* AlertControllerError.swift */; };
		C3C9BA4424B35807006CBF49 /* CameraPermissionDeniedAlertControllerError.swift in Sources */ = {isa = PBXBuildFile; fileRef = C3C9BA4324B35807006CBF49 /* CameraPermissionDeniedAlertControllerError.swift */; };
		C3C9BA4624B3582D006CBF49 /* VideoCaptureNotFoundAlertControllerError.swift in Sources */ = {isa = PBXBuildFile; fileRef = C3C9BA4524B3582D006CBF49 /* VideoCaptureNotFoundAlertControllerError.swift */; };
/* End PBXBuildFile section */

/* Begin PBXFileReference section */
		C371F1F724B32DCB00EF8180 /* ViewController.xib */ = {isa = PBXFileReference; lastKnownFileType = file.xib; path = ViewController.xib; sourceTree = "<group>"; };
		C383AF9024B2FFBE0002FA38 /* MachineLearningExample.app */ = {isa = PBXFileReference; explicitFileType = wrapper.application; includeInIndex = 0; path = MachineLearningExample.app; sourceTree = BUILT_PRODUCTS_DIR; };
		C383AF9324B2FFBE0002FA38 /* AppDelegate.swift */ = {isa = PBXFileReference; lastKnownFileType = sourcecode.swift; path = AppDelegate.swift; sourceTree = "<group>"; };
		C383AF9724B2FFBE0002FA38 /* ViewController.swift */ = {isa = PBXFileReference; lastKnownFileType = sourcecode.swift; path = ViewController.swift; sourceTree = "<group>"; };
		C383AF9A24B2FFBE0002FA38 /* Base */ = {isa = PBXFileReference; lastKnownFileType = file.storyboard; name = Base; path = Base.lproj/Main.storyboard; sourceTree = "<group>"; };
		C383AF9C24B2FFC30002FA38 /* Assets.xcassets */ = {isa = PBXFileReference; lastKnownFileType = folder.assetcatalog; path = Assets.xcassets; sourceTree = "<group>"; };
		C383AF9F24B2FFC30002FA38 /* Base */ = {isa = PBXFileReference; lastKnownFileType = file.storyboard; name = Base; path = Base.lproj/LaunchScreen.storyboard; sourceTree = "<group>"; };
		C383AFA124B2FFC30002FA38 /* Info.plist */ = {isa = PBXFileReference; lastKnownFileType = text.plist.xml; path = Info.plist; sourceTree = "<group>"; };
		C3C9BA3E24B34F26006CBF49 /* CameraError.swift */ = {isa = PBXFileReference; lastKnownFileType = sourcecode.swift; path = CameraError.swift; sourceTree = "<group>"; };
		C3C9BA4024B357AB006CBF49 /* AlertControllerError.swift */ = {isa = PBXFileReference; lastKnownFileType = sourcecode.swift; path = AlertControllerError.swift; sourceTree = "<group>"; };
		C3C9BA4324B35807006CBF49 /* CameraPermissionDeniedAlertControllerError.swift */ = {isa = PBXFileReference; lastKnownFileType = sourcecode.swift; path = CameraPermissionDeniedAlertControllerError.swift; sourceTree = "<group>"; };
		C3C9BA4524B3582D006CBF49 /* VideoCaptureNotFoundAlertControllerError.swift */ = {isa = PBXFileReference; lastKnownFileType = sourcecode.swift; path = VideoCaptureNotFoundAlertControllerError.swift; sourceTree = "<group>"; };
/* End PBXFileReference section */

/* Begin PBXFrameworksBuildPhase section */
		C383AF8D24B2FFBE0002FA38 /* Frameworks */ = {
			isa = PBXFrameworksBuildPhase;
			buildActionMask = 2147483647;
			files = (
			);
			runOnlyForDeploymentPostprocessing = 0;
		};
/* End PBXFrameworksBuildPhase section */

/* Begin PBXGroup section */
		C31C8B4A24B4665400F7E1B4 /* Recovered References */ = {
			isa = PBXGroup;
			children = (
				C383AF9C24B2FFC30002FA38 /* Assets.xcassets */,
				C383AF9924B2FFBE0002FA38 /* Main.storyboard */,
			);
			name = "Recovered References";
			sourceTree = "<group>";
		};
		C383AF8724B2FFBE0002FA38 = {
			isa = PBXGroup;
			children = (
				C383AF9224B2FFBE0002FA38 /* MachineLearningExample */,
				C383AF9124B2FFBE0002FA38 /* Products */,
				C31C8B4A24B4665400F7E1B4 /* Recovered References */,
			);
			sourceTree = "<group>";
		};
		C383AF9124B2FFBE0002FA38 /* Products */ = {
			isa = PBXGroup;
			children = (
				C383AF9024B2FFBE0002FA38 /* MachineLearningExample.app */,
			);
			name = Products;
			sourceTree = "<group>";
		};
		C383AF9224B2FFBE0002FA38 /* MachineLearningExample */ = {
			isa = PBXGroup;
			children = (
				C383AF9324B2FFBE0002FA38 /* AppDelegate.swift */,
				C383AF9724B2FFBE0002FA38 /* ViewController.swift */,
				C371F1F724B32DCB00EF8180 /* ViewController.xib */,
				C3C9BA3E24B34F26006CBF49 /* CameraError.swift */,
				C3C9BA4224B357EE006CBF49 /* AlertControllerErrors */,
				C383AF9E24B2FFC30002FA38 /* LaunchScreen.storyboard */,
				C383AFA124B2FFC30002FA38 /* Info.plist */,
			);
			path = MachineLearningExample;
			sourceTree = "<group>";
		};
		C3C9BA4224B357EE006CBF49 /* AlertControllerErrors */ = {
			isa = PBXGroup;
			children = (
				C3C9BA4024B357AB006CBF49 /* AlertControllerError.swift */,
				C3C9BA4324B35807006CBF49 /* CameraPermissionDeniedAlertControllerError.swift */,
				C3C9BA4524B3582D006CBF49 /* VideoCaptureNotFoundAlertControllerError.swift */,
			);
			path = AlertControllerErrors;
			sourceTree = "<group>";
		};
/* End PBXGroup section */

/* Begin PBXNativeTarget section */
		C383AF8F24B2FFBE0002FA38 /* MachineLearningExample */ = {
			isa = PBXNativeTarget;
			buildConfigurationList = C383AFA424B2FFC30002FA38 /* Build configuration list for PBXNativeTarget "MachineLearningExample" */;
			buildPhases = (
				C383AF8C24B2FFBE0002FA38 /* Sources */,
				C383AF8D24B2FFBE0002FA38 /* Frameworks */,
				C383AF8E24B2FFBE0002FA38 /* Resources */,
			);
			buildRules = (
			);
			dependencies = (
			);
			name = MachineLearningExample;
			productName = MachineLearningExample;
			productReference = C383AF9024B2FFBE0002FA38 /* MachineLearningExample.app */;
			productType = "com.apple.product-type.application";
		};
/* End PBXNativeTarget section */

/* Begin PBXProject section */
		C383AF8824B2FFBE0002FA38 /* Project object */ = {
			isa = PBXProject;
			attributes = {
				LastSwiftUpdateCheck = 1150;
				LastUpgradeCheck = 1150;
				ORGANIZATIONNAME = SDOS;
				TargetAttributes = {
					C383AF8F24B2FFBE0002FA38 = {
						CreatedOnToolsVersion = 11.5;
					};
				};
			};
			buildConfigurationList = C383AF8B24B2FFBE0002FA38 /* Build configuration list for PBXProject "MachineLearningExample" */;
			compatibilityVersion = "Xcode 9.3";
			developmentRegion = en;
			hasScannedForEncodings = 0;
			knownRegions = (
				en,
				Base,
			);
			mainGroup = C383AF8724B2FFBE0002FA38;
			productRefGroup = C383AF9124B2FFBE0002FA38 /* Products */;
			projectDirPath = "";
			projectRoot = "";
			targets = (
				C383AF8F24B2FFBE0002FA38 /* MachineLearningExample */,
			);
		};
/* End PBXProject section */

/* Begin PBXResourcesBuildPhase section */
		C383AF8E24B2FFBE0002FA38 /* Resources */ = {
			isa = PBXResourcesBuildPhase;
			buildActionMask = 2147483647;
			files = (
				C371F1F824B32DCB00EF8180 /* ViewController.xib in Resources */,
				C383AFA024B2FFC30002FA38 /* LaunchScreen.storyboard in Resources */,
			);
			runOnlyForDeploymentPostprocessing = 0;
		};
/* End PBXResourcesBuildPhase section */

/* Begin PBXSourcesBuildPhase section */
		C383AF8C24B2FFBE0002FA38 /* Sources */ = {
			isa = PBXSourcesBuildPhase;
			buildActionMask = 2147483647;
			files = (
				C383AF9824B2FFBE0002FA38 /* ViewController.swift in Sources */,
				C383AF9424B2FFBE0002FA38 /* AppDelegate.swift in Sources */,
				C3C9BA3F24B34F26006CBF49 /* CameraError.swift in Sources */,
				C3C9BA4624B3582D006CBF49 /* VideoCaptureNotFoundAlertControllerError.swift in Sources */,
				C3C9BA4424B35807006CBF49 /* CameraPermissionDeniedAlertControllerError.swift in Sources */,
				C3C9BA4124B357AB006CBF49 /* AlertControllerError.swift in Sources */,
			);
			runOnlyForDeploymentPostprocessing = 0;
		};
/* End PBXSourcesBuildPhase section */

/* Begin PBXVariantGroup section */
		C383AF9924B2FFBE0002FA38 /* Main.storyboard */ = {
			isa = PBXVariantGroup;
			children = (
				C383AF9A24B2FFBE0002FA38 /* Base */,
			);
			name = Main.storyboard;
			sourceTree = "<group>";
		};
		C383AF9E24B2FFC30002FA38 /* LaunchScreen.storyboard */ = {
			isa = PBXVariantGroup;
			children = (
				C383AF9F24B2FFC30002FA38 /* Base */,
			);
			name = LaunchScreen.storyboard;
			sourceTree = "<group>";
		};
/* End PBXVariantGroup section */

/* Begin XCBuildConfiguration section */
		C383AFA224B2FFC30002FA38 /* Debug */ = {
			isa = XCBuildConfiguration;
			buildSettings = {
				ALWAYS_SEARCH_USER_PATHS = NO;
				CLANG_ANALYZER_NONNULL = YES;
				CLANG_ANALYZER_NUMBER_OBJECT_CONVERSION = YES_AGGRESSIVE;
				CLANG_CXX_LANGUAGE_STANDARD = "gnu++14";
				CLANG_CXX_LIBRARY = "libc++";
				CLANG_ENABLE_MODULES = YES;
				CLANG_ENABLE_OBJC_ARC = YES;
				CLANG_ENABLE_OBJC_WEAK = YES;
				CLANG_WARN_BLOCK_CAPTURE_AUTORELEASING = YES;
				CLANG_WARN_BOOL_CONVERSION = YES;
				CLANG_WARN_COMMA = YES;
				CLANG_WARN_CONSTANT_CONVERSION = YES;
				CLANG_WARN_DEPRECATED_OBJC_IMPLEMENTATIONS = YES;
				CLANG_WARN_DIRECT_OBJC_ISA_USAGE = YES_ERROR;
				CLANG_WARN_DOCUMENTATION_COMMENTS = YES;
				CLANG_WARN_EMPTY_BODY = YES;
				CLANG_WARN_ENUM_CONVERSION = YES;
				CLANG_WARN_INFINITE_RECURSION = YES;
				CLANG_WARN_INT_CONVERSION = YES;
				CLANG_WARN_NON_LITERAL_NULL_CONVERSION = YES;
				CLANG_WARN_OBJC_IMPLICIT_RETAIN_SELF = YES;
				CLANG_WARN_OBJC_LITERAL_CONVERSION = YES;
				CLANG_WARN_OBJC_ROOT_CLASS = YES_ERROR;
				CLANG_WARN_RANGE_LOOP_ANALYSIS = YES;
				CLANG_WARN_STRICT_PROTOTYPES = YES;
				CLANG_WARN_SUSPICIOUS_MOVE = YES;
				CLANG_WARN_UNGUARDED_AVAILABILITY = YES_AGGRESSIVE;
				CLANG_WARN_UNREACHABLE_CODE = YES;
				CLANG_WARN__DUPLICATE_METHOD_MATCH = YES;
				COPY_PHASE_STRIP = NO;
				DEBUG_INFORMATION_FORMAT = dwarf;
				ENABLE_STRICT_OBJC_MSGSEND = YES;
				ENABLE_TESTABILITY = YES;
				GCC_C_LANGUAGE_STANDARD = gnu11;
				GCC_DYNAMIC_NO_PIC = NO;
				GCC_NO_COMMON_BLOCKS = YES;
				GCC_OPTIMIZATION_LEVEL = 0;
				GCC_PREPROCESSOR_DEFINITIONS = (
					"DEBUG=1",
					"$(inherited)",
				);
				GCC_WARN_64_TO_32_BIT_CONVERSION = YES;
				GCC_WARN_ABOUT_RETURN_TYPE = YES_ERROR;
				GCC_WARN_UNDECLARED_SELECTOR = YES;
				GCC_WARN_UNINITIALIZED_AUTOS = YES_AGGRESSIVE;
				GCC_WARN_UNUSED_FUNCTION = YES;
				GCC_WARN_UNUSED_VARIABLE = YES;
				IPHONEOS_DEPLOYMENT_TARGET = 13.5;
				MTL_ENABLE_DEBUG_INFO = INCLUDE_SOURCE;
				MTL_FAST_MATH = YES;
				ONLY_ACTIVE_ARCH = YES;
				SDKROOT = iphoneos;
				SWIFT_ACTIVE_COMPILATION_CONDITIONS = DEBUG;
				SWIFT_OPTIMIZATION_LEVEL = "-Onone";
			};
			name = Debug;
		};
		C383AFA324B2FFC30002FA38 /* Release */ = {
			isa = XCBuildConfiguration;
			buildSettings = {
				ALWAYS_SEARCH_USER_PATHS = NO;
				CLANG_ANALYZER_NONNULL = YES;
				CLANG_ANALYZER_NUMBER_OBJECT_CONVERSION = YES_AGGRESSIVE;
				CLANG_CXX_LANGUAGE_STANDARD = "gnu++14";
				CLANG_CXX_LIBRARY = "libc++";
				CLANG_ENABLE_MODULES = YES;
				CLANG_ENABLE_OBJC_ARC = YES;
				CLANG_ENABLE_OBJC_WEAK = YES;
				CLANG_WARN_BLOCK_CAPTURE_AUTORELEASING = YES;
				CLANG_WARN_BOOL_CONVERSION = YES;
				CLANG_WARN_COMMA = YES;
				CLANG_WARN_CONSTANT_CONVERSION = YES;
				CLANG_WARN_DEPRECATED_OBJC_IMPLEMENTATIONS = YES;
				CLANG_WARN_DIRECT_OBJC_ISA_USAGE = YES_ERROR;
				CLANG_WARN_DOCUMENTATION_COMMENTS = YES;
				CLANG_WARN_EMPTY_BODY = YES;
				CLANG_WARN_ENUM_CONVERSION = YES;
				CLANG_WARN_INFINITE_RECURSION = YES;
				CLANG_WARN_INT_CONVERSION = YES;
				CLANG_WARN_NON_LITERAL_NULL_CONVERSION = YES;
				CLANG_WARN_OBJC_IMPLICIT_RETAIN_SELF = YES;
				CLANG_WARN_OBJC_LITERAL_CONVERSION = YES;
				CLANG_WARN_OBJC_ROOT_CLASS = YES_ERROR;
				CLANG_WARN_RANGE_LOOP_ANALYSIS = YES;
				CLANG_WARN_STRICT_PROTOTYPES = YES;
				CLANG_WARN_SUSPICIOUS_MOVE = YES;
				CLANG_WARN_UNGUARDED_AVAILABILITY = YES_AGGRESSIVE;
				CLANG_WARN_UNREACHABLE_CODE = YES;
				CLANG_WARN__DUPLICATE_METHOD_MATCH = YES;
				COPY_PHASE_STRIP = NO;
				DEBUG_INFORMATION_FORMAT = "dwarf-with-dsym";
				ENABLE_NS_ASSERTIONS = NO;
				ENABLE_STRICT_OBJC_MSGSEND = YES;
				GCC_C_LANGUAGE_STANDARD = gnu11;
				GCC_NO_COMMON_BLOCKS = YES;
				GCC_WARN_64_TO_32_BIT_CONVERSION = YES;
				GCC_WARN_ABOUT_RETURN_TYPE = YES_ERROR;
				GCC_WARN_UNDECLARED_SELECTOR = YES;
				GCC_WARN_UNINITIALIZED_AUTOS = YES_AGGRESSIVE;
				GCC_WARN_UNUSED_FUNCTION = YES;
				GCC_WARN_UNUSED_VARIABLE = YES;
				IPHONEOS_DEPLOYMENT_TARGET = 13.5;
				MTL_ENABLE_DEBUG_INFO = NO;
				MTL_FAST_MATH = YES;
				SDKROOT = iphoneos;
				SWIFT_COMPILATION_MODE = wholemodule;
				SWIFT_OPTIMIZATION_LEVEL = "-O";
				VALIDATE_PRODUCT = YES;
			};
			name = Release;
		};
		C383AFA524B2FFC30002FA38 /* Debug */ = {
			isa = XCBuildConfiguration;
			buildSettings = {
				CODE_SIGN_IDENTITY = "iPhone Developer";
				CODE_SIGN_STYLE = Manual;
				DEVELOPMENT_TEAM = Y5G9RYLF8Y;
				INFOPLIST_FILE = MachineLearningExample/Info.plist;
				IPHONEOS_DEPLOYMENT_TARGET = 11.0;
				LD_RUNPATH_SEARCH_PATHS = (
					"$(inherited)",
					"@executable_path/Frameworks",
				);
				PRODUCT_BUNDLE_IDENTIFIER = com.santillana.iphone.unoiphone.sdos.dev;
				PRODUCT_NAME = "$(TARGET_NAME)";
				PROVISIONING_PROFILE_SPECIFIER = "match Development com.santillana.iphone.unoiphone.sdos.dev";
				SWIFT_VERSION = 5.0;
				TARGETED_DEVICE_FAMILY = "1,2";
			};
			name = Debug;
		};
		C383AFA624B2FFC30002FA38 /* Release */ = {
			isa = XCBuildConfiguration;
			buildSettings = {
				CODE_SIGN_IDENTITY = "iPhone Developer";
				CODE_SIGN_STYLE = Manual;
				DEVELOPMENT_TEAM = Y5G9RYLF8Y;
				INFOPLIST_FILE = MachineLearningExample/Info.plist;
				IPHONEOS_DEPLOYMENT_TARGET = 11.0;
				LD_RUNPATH_SEARCH_PATHS = (
					"$(inherited)",
					"@executable_path/Frameworks",
				);
				PRODUCT_BUNDLE_IDENTIFIER = com.santillana.iphone.unoiphone.sdos.dev;
				PRODUCT_NAME = "$(TARGET_NAME)";
				PROVISIONING_PROFILE_SPECIFIER = "match Development com.santillana.iphone.unoiphone.sdos.dev";
				SWIFT_VERSION = 5.0;
				TARGETED_DEVICE_FAMILY = "1,2";
			};
			name = Release;
		};
/* End XCBuildConfiguration section */

/* Begin XCConfigurationList section */
		C383AF8B24B2FFBE0002FA38 /* Build configuration list for PBXProject "MachineLearningExample" */ = {
			isa = XCConfigurationList;
			buildConfigurations = (
				C383AFA224B2FFC30002FA38 /* Debug */,
				C383AFA324B2FFC30002FA38 /* Release */,
			);
			defaultConfigurationIsVisible = 0;
			defaultConfigurationName = Release;
		};
		C383AFA424B2FFC30002FA38 /* Build configuration list for PBXNativeTarget "MachineLearningExample" */ = {
			isa = XCConfigurationList;
			buildConfigurations = (
				C383AFA524B2FFC30002FA38 /* Debug */,
				C383AFA624B2FFC30002FA38 /* Release */,
			);
			defaultConfigurationIsVisible = 0;
			defaultConfigurationName = Release;
		};
/* End XCConfigurationList section */
	};
	rootObject = C383AF8824B2FFBE0002FA38 /* Project object */;
}
